lockfileVersion: 5.3

specifiers:
  servor: ^4.0.2
  typescript: ^4.2.4

devDependencies:
  servor: 4.0.2
  typescript: 4.2.4

packages:

  /servor/4.0.2:
    resolution: {integrity: sha512-MlmQ5Ntv4jDYUN060x/KEmN7emvIqKMZ9OkM+nY8Bf2+KkyLmGsTqWLyAN2cZr5oESAcH00UanUyyrlS1LRjFw==}
    hasBin: true
    dev: true

  /typescript/4.2.4:
    resolution: {integrity: sha512-V+evlYHZnQkaz8TRBuxTA92yZBPotr5H+WhQ7bD3hZUndx5tGOa1fuCgeSjxAzM1RiN5IzvadIXTVefuuwZCRg==}
    engines: {node: '>=4.2.0'}
    hasBin: true
    dev: true
